
Microsoft Visual Studio Solution File, Format Version 12.00
# Visual Studio Version 17
VisualStudioVersion = 17.0.31903.59
MinimumVisualStudioVersion = 10.0.40219.1
Project("{FAE04EC0-301F-11D3-BF4B-00C04F79EFBC}") = "BlindCheck.Api", "BlindCheck.Api\BlindCheck.Api.csproj", "{67A87FB4-36CF-4840-B001-14530EF33973}"
EndProject
Project("{FAE04EC0-301F-11D3-BF4B-00C04F79EFBC}") = "BlindCheck.DataSeed", "BlindCheck.DataSeed\BlindCheck.DataSeed.csproj", "{23A86E5C-AE9D-4461-B229-17D1F0826A47}"
EndProject
Global
	GlobalSection(SolutionConfigurationPlatforms) = preSolution
		Debug|Any CPU = Debug|Any CPU
		Debug|x64 = Debug|x64
		Debug|x86 = Debug|x86
		Release|Any CPU = Release|Any CPU
		Release|x64 = Release|x64
		Release|x86 = Release|x86
	EndGlobalSection
	GlobalSection(ProjectConfigurationPlatforms) = postSolution
		{67A87FB4-36CF-4840-B001-14530EF33973}.Debug|Any CPU.ActiveCfg = Debug|Any CPU
		{67A87FB4-36CF-4840-B001-14530EF33973}.Debug|Any CPU.Build.0 = Debug|Any CPU
		{67A87FB4-36CF-4840-B001-14530EF33973}.Debug|x64.ActiveCfg = Debug|Any CPU
		{67A87FB4-36CF-4840-B001-14530EF33973}.Debug|x64.Build.0 = Debug|Any CPU
		{67A87FB4-36CF-4840-B001-14530EF33973}.Debug|x86.ActiveCfg = Debug|Any CPU
		{67A87FB4-36CF-4840-B001-14530EF33973}.Debug|x86.Build.0 = Debug|Any CPU
		{67A87FB4-36CF-4840-B001-14530EF33973}.Release|Any CPU.ActiveCfg = Release|Any CPU
		{67A87FB4-36CF-4840-B001-14530EF33973}.Release|Any CPU.Build.0 = Release|Any CPU
		{67A87FB4-36CF-4840-B001-14530EF33973}.Release|x64.ActiveCfg = Release|Any CPU
		{67A87FB4-36CF-4840-B001-14530EF33973}.Release|x64.Build.0 = Release|Any CPU
		{67A87FB4-36CF-4840-B001-14530EF33973}.Release|x86.ActiveCfg = Release|Any CPU
		{67A87FB4-36CF-4840-B001-14530EF33973}.Release|x86.Build.0 = Release|Any CPU
		{23A86E5C-AE9D-4461-B229-17D1F0826A47}.Debug|Any CPU.ActiveCfg = Debug|Any CPU
		{23A86E5C-AE9D-4461-B229-17D1F0826A47}.Debug|Any CPU.Build.0 = Debug|Any CPU
		{23A86E5C-AE9D-4461-B229-17D1F0826A47}.Debug|x64.ActiveCfg = Debug|Any CPU
		{23A86E5C-AE9D-4461-B229-17D1F0826A47}.Debug|x64.Build.0 = Debug|Any CPU
		{23A86E5C-AE9D-4461-B229-17D1F0826A47}.Debug|x86.ActiveCfg = Debug|Any CPU
		{23A86E5C-AE9D-4461-B229-17D1F0826A47}.Debug|x86.Build.0 = Debug|Any CPU
		{23A86E5C-AE9D-4461-B229-17D1F0826A47}.Release|Any CPU.ActiveCfg = Release|Any CPU
		{23A86E5C-AE9D-4461-B229-17D1F0826A47}.Release|Any CPU.Build.0 = Release|Any CPU
		{23A86E5C-AE9D-4461-B229-17D1F0826A47}.Release|x64.ActiveCfg = Release|Any CPU
		{23A86E5C-AE9D-4461-B229-17D1F0826A47}.Release|x64.Build.0 = Release|Any CPU
		{23A86E5C-AE9D-4461-B229-17D1F0826A47}.Release|x86.ActiveCfg = Release|Any CPU
		{23A86E5C-AE9D-4461-B229-17D1F0826A47}.Release|x86.Build.0 = Release|Any CPU
	EndGlobalSection
	GlobalSection(SolutionProperties) = preSolution
		HideSolutionNode = FALSE
	EndGlobalSection
EndGlobal
